
Microsoft Visual Studio Solution File, Format Version 12.00
# Visual Studio Version 17
VisualStudioVersion = 17.0.32014.148
MinimumVisualStudioVersion = 10.0.40219.1
Project("{9A19103F-16F7-4668-BE54-9A1E7A4F7556}") = "Blockchain", "Blockchain\Blockchain.csproj", "{7A3768A8-DDC8-4DD6-873E-D87DF0D2821A}"
EndProject
Project("{9A19103F-16F7-4668-BE54-9A1E7A4F7556}") = "Cryptography", "Cryptography\Cryptography.csproj", "{1F16C805-7C24-4500-BB56-BFF1B13EE346}"
EndProject
Project("{2150E333-8FDC-42A3-9474-1A3956D46DE8}") = ".Solution Items", ".Solution Items", "{EBA8BEB2-ECFB-49AF-B2A2-7C8E06039BEF}"
	ProjectSection(SolutionItems) = preProject
		..\.editorconfig = ..\.editorconfig
		..\.gitignore = ..\.gitignore
		AssemblyInfo.cs = AssemblyInfo.cs
		..\azure-pipelines.analyze.yml = ..\azure-pipelines.analyze.yml
		..\azure-pipelines.release.yml = ..\azure-pipelines.release.yml
		..\CODE_OF_CONDUCT.md = ..\CODE_OF_CONDUCT.md
		..\CONTRIBUTING.md = ..\CONTRIBUTING.md
		..\GitVersion.yml = ..\GitVersion.yml
		GlobalSuppressions.cs = GlobalSuppressions.cs
		..\LICENSE = ..\LICENSE
		nlog.config = nlog.config
		nuget.config = nuget.config
		xunit.runner.json = xunit.runner.json
	EndProjectSection
EndProject
Project("{2150E333-8FDC-42A3-9474-1A3956D46DE8}") = "docs", "docs", "{9878F2DF-891A-417A-8EC5-63E24B3E5F7D}"
	ProjectSection(SolutionItems) = preProject
		..\LICENSE = ..\LICENSE
		..\README.md = ..\README.md
		research.md = research.md
	EndProjectSection
EndProject
Project("{9A19103F-16F7-4668-BE54-9A1E7A4F7556}") = "Authentication", "Authentication\Authentication.csproj", "{F136CC10-4CD8-4424-9277-4D7863748D9D}"
EndProject
Project("{9A19103F-16F7-4668-BE54-9A1E7A4F7556}") = "PolicyServer", "PolicyServer\PolicyServer.csproj", "{8270183E-DA51-45E8-BDC2-B2858656D167}"
EndProject
Project("{2150E333-8FDC-42A3-9474-1A3956D46DE8}") = "Tests", "Tests", "{F697BF7F-ED3E-4571-A176-AA937EE763FF}"
EndProject
Project("{9A19103F-16F7-4668-BE54-9A1E7A4F7556}") = "PolicyServer.Tests", "Tests\PolicyServer.Tests\PolicyServer.Tests.csproj", "{863F7A90-11DA-4360-9E2D-ABEA7CE4B9D7}"
EndProject
Project("{9A19103F-16F7-4668-BE54-9A1E7A4F7556}") = "Blockchain.Tests", "Tests\Blockchain.Tests\Blockchain.Tests.csproj", "{B54B76D4-4BE3-4616-AE59-63A98724F6AE}"
EndProject
Project("{9A19103F-16F7-4668-BE54-9A1E7A4F7556}") = "Authentication.Tests", "Tests\Authentication.Tests\Authentication.Tests.csproj", "{02539C80-259A-43D0-B1E4-C5FBE896FC87}"
EndProject
Project("{9A19103F-16F7-4668-BE54-9A1E7A4F7556}") = "AuthorizationServer", "AuthorizationServer\AuthorizationServer.csproj", "{E5F8E4FA-FD0E-4E01-8561-15DDE0A1B25C}"
EndProject
Project("{9A19103F-16F7-4668-BE54-9A1E7A4F7556}") = "AuthorizationServer.Tests", "Tests\AuthorizationServer.Tests\AuthorizationServer.Tests.csproj", "{A0F1E41E-AEC9-4263-AFD6-FFA2CFB5D44A}"
EndProject
Project("{2150E333-8FDC-42A3-9474-1A3956D46DE8}") = "Authorization Handlers", "Authorization Handlers", "{84BCB7A7-6678-441F-B075-15D4A7E04ACB}"
EndProject
Project("{9A19103F-16F7-4668-BE54-9A1E7A4F7556}") = "BeyondAuth.PolicyProvider", "Authorization Handlers\AuthorizationPolicyProvider\BeyondAuth.PolicyProvider.csproj", "{321484F9-D797-4334-8079-92145751C83A}"
EndProject
Project("{9A19103F-16F7-4668-BE54-9A1E7A4F7556}") = "BeyondAuth.PolicyServer.Core", "PolicyServer.Core\BeyondAuth.PolicyServer.Core.csproj", "{1CC84BD3-5297-471C-BEE7-41432E61817A}"
EndProject
Project("{9A19103F-16F7-4668-BE54-9A1E7A4F7556}") = "AuditServer", "AuditServer\AuditServer.csproj", "{64408365-EC62-4AF4-BF01-758BBD22093C}"
EndProject
Project("{9A19103F-16F7-4668-BE54-9A1E7A4F7556}") = "AuditServer.Tests", "Tests\AuditServer.Tests\AuditServer.Tests.csproj", "{EF82BD7D-7E61-4CAD-9ECB-AD9AB428DE8C}"
EndProject
Project("{9A19103F-16F7-4668-BE54-9A1E7A4F7556}") = "RadiusServer.Tests", "Tests\RadiusServer.Tests\RadiusServer.Tests.csproj", "{D2A951C2-5E33-4575-ABC9-7DF4EE4C616E}"
EndProject
Project("{E53339B2-1760-4266-BCC7-CA923CBCF16C}") = "docker-compose", "docker-compose.dcproj", "{8CE5014B-92D4-4DDE-A130-9A5856047B3E}"
EndProject
Project("{9A19103F-16F7-4668-BE54-9A1E7A4F7556}") = "BeyondAuth.Acl", "Authorization Handlers\BeyondAuth.Acl\BeyondAuth.Acl.csproj", "{2CD9342E-4D1D-4CBF-83A5-AA3EECE285CC}"
EndProject
Project("{2150E333-8FDC-42A3-9474-1A3956D46DE8}") = "Bridges", "Bridges", "{01BEDBC1-C476-492D-861E-6A3273F8D045}"
EndProject
Project("{9A19103F-16F7-4668-BE54-9A1E7A4F7556}") = "RadiusServer", "Bridges\RadiusServer\RadiusServer.csproj", "{900AF3CC-ED90-4BBB-9F90-71C32D25835B}"
EndProject
Project("{9A19103F-16F7-4668-BE54-9A1E7A4F7556}") = "DiameterServer", "Bridges\DiameterServer\DiameterServer.csproj", "{563D0471-337F-4316-A83E-DE24A0F95A8D}"
EndProject
Project("{9A19103F-16F7-4668-BE54-9A1E7A4F7556}") = "BeyondAuth.RelatedDataValidation", "Authorization Handlers\BeyondAuth.RelatedDataValidation\BeyondAuth.RelatedDataValidation.csproj", "{19FA5418-A0F5-4C41-8F50-ACB88A782286}"
EndProject
Project("{9A19103F-16F7-4668-BE54-9A1E7A4F7556}") = "IdentityManager", "IdentityManager\IdentityManager.csproj", "{5FC6D412-976E-4AA2-B8B3-36294AA9C4C7}"
EndProject
Project("{9A19103F-16F7-4668-BE54-9A1E7A4F7556}") = "IdentityManager.Tests", "Tests\IdentityManager.Tests\IdentityManager.Tests.csproj", "{AF62CB61-FA11-456C-B04D-5102E79B226C}"
EndProject
Project("{9A19103F-16F7-4668-BE54-9A1E7A4F7556}") = "Identity.Core", "Identity.Core\Identity.Core.csproj", "{3E602F66-AA3C-4446-9720-FB48A7FB6CA2}"
EndProject
Project("{9A19103F-16F7-4668-BE54-9A1E7A4F7556}") = "BeyondAuth.Swim", "BeyondAuth.Swim\BeyondAuth.Swim.csproj", "{8F00ED31-7EE0-4DB7-AD6F-27BA7E910674}"
EndProject
Project("{9A19103F-16F7-4668-BE54-9A1E7A4F7556}") = "BeyondAuth.PasswordValidators.Common", "Password Validators\BeyondAuth.PasswordValidators.Common\BeyondAuth.PasswordValidators.Common.csproj", "{3EE2D96A-56C8-4391-B424-FCB76612D547}"
EndProject
Project("{2150E333-8FDC-42A3-9474-1A3956D46DE8}") = "Password Validators", "Password Validators", "{909B4F42-EC1D-4237-B5E2-7C31FB55A29E}"
EndProject
Project("{9A19103F-16F7-4668-BE54-9A1E7A4F7556}") = "SharpPwned.NET", "Password Validators\SharpPwned.NET\SharpPwned.NET.csproj", "{A624F1F0-2A45-4A2C-A933-98FEF6346676}"
EndProject
Project("{9A19103F-16F7-4668-BE54-9A1E7A4F7556}") = "BlackstarSolar.AspNetCore.Identity.PwnedPasswords", "Password Validators\BlackstarSolar.AspNetCore.Identity.PwnedPasswords\BlackstarSolar.AspNetCore.Identity.PwnedPasswords.csproj", "{6904FA32-7393-49BE-BC5E-012479DD4464}"
EndProject
Project("{9A19103F-16F7-4668-BE54-9A1E7A4F7556}") = "BeyondAuth.PasswordValidators.Topology", "Password Validators\BeyondAuth.PasswordValidators.Topology\BeyondAuth.PasswordValidators.Topology.csproj", "{19204E87-D442-4C0F-8CE3-0BA765BECD78}"
EndProject
Project("{2150E333-8FDC-42A3-9474-1A3956D46DE8}") = "Policy Connectors", "Policy Connectors", "{574904F3-F9C4-4D89-AC33-9C9A2B590BD8}"
EndProject
Project("{9A19103F-16F7-4668-BE54-9A1E7A4F7556}") = "FeatureManagement.SecureFeatures", "Policy Connectors\FeatureManagement.SecureFeatures\FeatureManagement.SecureFeatures.csproj", "{AE2D3228-A98E-4383-BA5E-4198735A6B66}"
EndProject
Project("{9A19103F-16F7-4668-BE54-9A1E7A4F7556}") = "BeyondAuth.PolicyProvider.Storage.RavenDB", "Authorization Handlers\BeyondAuth.PolicyProvider.Storage.RavenDB\BeyondAuth.PolicyProvider.Storage.RavenDB.csproj", "{E038D21E-73D1-4C93-A90C-CE33E3677179}"
EndProject
Project("{2150E333-8FDC-42A3-9474-1A3956D46DE8}") = "charts", "charts", "{96BC0F17-6FB1-4C96-A1CA-2B4CF5723E69}"
	ProjectSection(SolutionItems) = preProject
		charts\ba-account-prod.yaml = charts\ba-account-prod.yaml
		charts\ba-account-stg.yaml = charts\ba-account-stg.yaml
		charts\ba-audit-prod.yaml = charts\ba-audit-prod.yaml
		charts\ba-audit-stg.yaml = charts\ba-audit-stg.yaml
		charts\ba-auth-prod.yaml = charts\ba-auth-prod.yaml
		charts\ba-auth-stg.yaml = charts\ba-auth-stg.yaml
		charts\ba-docs-prod.yaml = charts\ba-docs-prod.yaml
		charts\ba-docs-stg.yaml = charts\ba-docs-stg.yaml
		charts\ba-idp-prod.yaml = charts\ba-idp-prod.yaml
		charts\ba-idp-stg.yaml = charts\ba-idp-stg.yaml
		charts\ba-policy-prod.yaml = charts\ba-policy-prod.yaml
		charts\ba-policy-stg.yaml = charts\ba-policy-stg.yaml
	EndProjectSection
EndProject
Project("{9A19103F-16F7-4668-BE54-9A1E7A4F7556}") = "BeyondAuth.UserManagement", "Policy Connectors\BeyondAuth.UserManagement\BeyondAuth.UserManagement.csproj", "{C0E4F481-065E-44F7-9804-4166B40F1282}"
EndProject
Project("{9A19103F-16F7-4668-BE54-9A1E7A4F7556}") = "RavenDB.Identity", "RavenDB.Identity\RavenDB.Identity.csproj", "{05B3205F-0E77-4809-951D-3B863FC43F99}"
EndProject
Project("{9A19103F-16F7-4668-BE54-9A1E7A4F7556}") = "Audit.NET.RavenDB", "Audit.NET.RavenDB\Audit.NET.RavenDB.csproj", "{4DE2AB44-93A6-42DA-A9B5-53FA00CA4EA6}"
EndProject
Global
	GlobalSection(SolutionConfigurationPlatforms) = preSolution
		Debug|Any CPU = Debug|Any CPU
		Release|Any CPU = Release|Any CPU
	EndGlobalSection
	GlobalSection(ProjectConfigurationPlatforms) = postSolution
		{7A3768A8-DDC8-4DD6-873E-D87DF0D2821A}.Debug|Any CPU.ActiveCfg = Debug|Any CPU
		{7A3768A8-DDC8-4DD6-873E-D87DF0D2821A}.Debug|Any CPU.Build.0 = Debug|Any CPU
		{7A3768A8-DDC8-4DD6-873E-D87DF0D2821A}.Release|Any CPU.ActiveCfg = Release|Any CPU
		{7A3768A8-DDC8-4DD6-873E-D87DF0D2821A}.Release|Any CPU.Build.0 = Release|Any CPU
		{1F16C805-7C24-4500-BB56-BFF1B13EE346}.Debug|Any CPU.ActiveCfg = Debug|Any CPU
		{1F16C805-7C24-4500-BB56-BFF1B13EE346}.Debug|Any CPU.Build.0 = Debug|Any CPU
		{1F16C805-7C24-4500-BB56-BFF1B13EE346}.Release|Any CPU.ActiveCfg = Release|Any CPU
		{1F16C805-7C24-4500-BB56-BFF1B13EE346}.Release|Any CPU.Build.0 = Release|Any CPU
		{F136CC10-4CD8-4424-9277-4D7863748D9D}.Debug|Any CPU.ActiveCfg = Debug|Any CPU
		{F136CC10-4CD8-4424-9277-4D7863748D9D}.Debug|Any CPU.Build.0 = Debug|Any CPU
		{F136CC10-4CD8-4424-9277-4D7863748D9D}.Release|Any CPU.ActiveCfg = Release|Any CPU
		{F136CC10-4CD8-4424-9277-4D7863748D9D}.Release|Any CPU.Build.0 = Release|Any CPU
		{8270183E-DA51-45E8-BDC2-B2858656D167}.Debug|Any CPU.ActiveCfg = Debug|Any CPU
		{8270183E-DA51-45E8-BDC2-B2858656D167}.Debug|Any CPU.Build.0 = Debug|Any CPU
		{8270183E-DA51-45E8-BDC2-B2858656D167}.Release|Any CPU.ActiveCfg = Release|Any CPU
		{8270183E-DA51-45E8-BDC2-B2858656D167}.Release|Any CPU.Build.0 = Release|Any CPU
		{863F7A90-11DA-4360-9E2D-ABEA7CE4B9D7}.Debug|Any CPU.ActiveCfg = Debug|Any CPU
		{863F7A90-11DA-4360-9E2D-ABEA7CE4B9D7}.Debug|Any CPU.Build.0 = Debug|Any CPU
		{863F7A90-11DA-4360-9E2D-ABEA7CE4B9D7}.Release|Any CPU.ActiveCfg = Release|Any CPU
		{863F7A90-11DA-4360-9E2D-ABEA7CE4B9D7}.Release|Any CPU.Build.0 = Release|Any CPU
		{B54B76D4-4BE3-4616-AE59-63A98724F6AE}.Debug|Any CPU.ActiveCfg = Debug|Any CPU
		{B54B76D4-4BE3-4616-AE59-63A98724F6AE}.Debug|Any CPU.Build.0 = Debug|Any CPU
		{B54B76D4-4BE3-4616-AE59-63A98724F6AE}.Release|Any CPU.ActiveCfg = Release|Any CPU
		{B54B76D4-4BE3-4616-AE59-63A98724F6AE}.Release|Any CPU.Build.0 = Release|Any CPU
		{02539C80-259A-43D0-B1E4-C5FBE896FC87}.Debug|Any CPU.ActiveCfg = Debug|Any CPU
		{02539C80-259A-43D0-B1E4-C5FBE896FC87}.Debug|Any CPU.Build.0 = Debug|Any CPU
		{02539C80-259A-43D0-B1E4-C5FBE896FC87}.Release|Any CPU.ActiveCfg = Release|Any CPU
		{02539C80-259A-43D0-B1E4-C5FBE896FC87}.Release|Any CPU.Build.0 = Release|Any CPU
		{E5F8E4FA-FD0E-4E01-8561-15DDE0A1B25C}.Debug|Any CPU.ActiveCfg = Debug|Any CPU
		{E5F8E4FA-FD0E-4E01-8561-15DDE0A1B25C}.Debug|Any CPU.Build.0 = Debug|Any CPU
		{E5F8E4FA-FD0E-4E01-8561-15DDE0A1B25C}.Release|Any CPU.ActiveCfg = Release|Any CPU
		{E5F8E4FA-FD0E-4E01-8561-15DDE0A1B25C}.Release|Any CPU.Build.0 = Release|Any CPU
		{A0F1E41E-AEC9-4263-AFD6-FFA2CFB5D44A}.Debug|Any CPU.ActiveCfg = Debug|Any CPU
		{A0F1E41E-AEC9-4263-AFD6-FFA2CFB5D44A}.Debug|Any CPU.Build.0 = Debug|Any CPU
		{A0F1E41E-AEC9-4263-AFD6-FFA2CFB5D44A}.Release|Any CPU.ActiveCfg = Release|Any CPU
		{A0F1E41E-AEC9-4263-AFD6-FFA2CFB5D44A}.Release|Any CPU.Build.0 = Release|Any CPU
		{321484F9-D797-4334-8079-92145751C83A}.Debug|Any CPU.ActiveCfg = Debug|Any CPU
		{321484F9-D797-4334-8079-92145751C83A}.Debug|Any CPU.Build.0 = Debug|Any CPU
		{321484F9-D797-4334-8079-92145751C83A}.Release|Any CPU.ActiveCfg = Release|Any CPU
		{321484F9-D797-4334-8079-92145751C83A}.Release|Any CPU.Build.0 = Release|Any CPU
		{1CC84BD3-5297-471C-BEE7-41432E61817A}.Debug|Any CPU.ActiveCfg = Debug|Any CPU
		{1CC84BD3-5297-471C-BEE7-41432E61817A}.Debug|Any CPU.Build.0 = Debug|Any CPU
		{1CC84BD3-5297-471C-BEE7-41432E61817A}.Release|Any CPU.ActiveCfg = Release|Any CPU
		{1CC84BD3-5297-471C-BEE7-41432E61817A}.Release|Any CPU.Build.0 = Release|Any CPU
		{64408365-EC62-4AF4-BF01-758BBD22093C}.Debug|Any CPU.ActiveCfg = Debug|Any CPU
		{64408365-EC62-4AF4-BF01-758BBD22093C}.Debug|Any CPU.Build.0 = Debug|Any CPU
		{64408365-EC62-4AF4-BF01-758BBD22093C}.Release|Any CPU.ActiveCfg = Release|Any CPU
		{64408365-EC62-4AF4-BF01-758BBD22093C}.Release|Any CPU.Build.0 = Release|Any CPU
		{EF82BD7D-7E61-4CAD-9ECB-AD9AB428DE8C}.Debug|Any CPU.ActiveCfg = Debug|Any CPU
		{EF82BD7D-7E61-4CAD-9ECB-AD9AB428DE8C}.Debug|Any CPU.Build.0 = Debug|Any CPU
		{EF82BD7D-7E61-4CAD-9ECB-AD9AB428DE8C}.Release|Any CPU.ActiveCfg = Release|Any CPU
		{EF82BD7D-7E61-4CAD-9ECB-AD9AB428DE8C}.Release|Any CPU.Build.0 = Release|Any CPU
		{D2A951C2-5E33-4575-ABC9-7DF4EE4C616E}.Debug|Any CPU.ActiveCfg = Debug|Any CPU
		{D2A951C2-5E33-4575-ABC9-7DF4EE4C616E}.Debug|Any CPU.Build.0 = Debug|Any CPU
		{D2A951C2-5E33-4575-ABC9-7DF4EE4C616E}.Release|Any CPU.ActiveCfg = Release|Any CPU
		{D2A951C2-5E33-4575-ABC9-7DF4EE4C616E}.Release|Any CPU.Build.0 = Release|Any CPU
		{8CE5014B-92D4-4DDE-A130-9A5856047B3E}.Debug|Any CPU.ActiveCfg = Debug|Any CPU
		{8CE5014B-92D4-4DDE-A130-9A5856047B3E}.Debug|Any CPU.Build.0 = Debug|Any CPU
		{8CE5014B-92D4-4DDE-A130-9A5856047B3E}.Release|Any CPU.ActiveCfg = Debug|Any CPU
		{2CD9342E-4D1D-4CBF-83A5-AA3EECE285CC}.Debug|Any CPU.ActiveCfg = Debug|Any CPU
		{2CD9342E-4D1D-4CBF-83A5-AA3EECE285CC}.Debug|Any CPU.Build.0 = Debug|Any CPU
		{2CD9342E-4D1D-4CBF-83A5-AA3EECE285CC}.Release|Any CPU.ActiveCfg = Release|Any CPU
		{2CD9342E-4D1D-4CBF-83A5-AA3EECE285CC}.Release|Any CPU.Build.0 = Release|Any CPU
		{900AF3CC-ED90-4BBB-9F90-71C32D25835B}.Debug|Any CPU.ActiveCfg = Debug|Any CPU
		{900AF3CC-ED90-4BBB-9F90-71C32D25835B}.Debug|Any CPU.Build.0 = Debug|Any CPU
		{900AF3CC-ED90-4BBB-9F90-71C32D25835B}.Release|Any CPU.ActiveCfg = Release|Any CPU
		{900AF3CC-ED90-4BBB-9F90-71C32D25835B}.Release|Any CPU.Build.0 = Release|Any CPU
		{563D0471-337F-4316-A83E-DE24A0F95A8D}.Debug|Any CPU.ActiveCfg = Debug|Any CPU
		{563D0471-337F-4316-A83E-DE24A0F95A8D}.Debug|Any CPU.Build.0 = Debug|Any CPU
		{563D0471-337F-4316-A83E-DE24A0F95A8D}.Release|Any CPU.ActiveCfg = Release|Any CPU
		{563D0471-337F-4316-A83E-DE24A0F95A8D}.Release|Any CPU.Build.0 = Release|Any CPU
		{19FA5418-A0F5-4C41-8F50-ACB88A782286}.Debug|Any CPU.ActiveCfg = Debug|Any CPU
		{19FA5418-A0F5-4C41-8F50-ACB88A782286}.Debug|Any CPU.Build.0 = Debug|Any CPU
		{19FA5418-A0F5-4C41-8F50-ACB88A782286}.Release|Any CPU.ActiveCfg = Release|Any CPU
		{19FA5418-A0F5-4C41-8F50-ACB88A782286}.Release|Any CPU.Build.0 = Release|Any CPU
		{5FC6D412-976E-4AA2-B8B3-36294AA9C4C7}.Debug|Any CPU.ActiveCfg = Debug|Any CPU
		{5FC6D412-976E-4AA2-B8B3-36294AA9C4C7}.Debug|Any CPU.Build.0 = Debug|Any CPU
		{5FC6D412-976E-4AA2-B8B3-36294AA9C4C7}.Release|Any CPU.ActiveCfg = Release|Any CPU
		{5FC6D412-976E-4AA2-B8B3-36294AA9C4C7}.Release|Any CPU.Build.0 = Release|Any CPU
		{AF62CB61-FA11-456C-B04D-5102E79B226C}.Debug|Any CPU.ActiveCfg = Debug|Any CPU
		{AF62CB61-FA11-456C-B04D-5102E79B226C}.Debug|Any CPU.Build.0 = Debug|Any CPU
		{AF62CB61-FA11-456C-B04D-5102E79B226C}.Release|Any CPU.ActiveCfg = Release|Any CPU
		{AF62CB61-FA11-456C-B04D-5102E79B226C}.Release|Any CPU.Build.0 = Release|Any CPU
		{3E602F66-AA3C-4446-9720-FB48A7FB6CA2}.Debug|Any CPU.ActiveCfg = Debug|Any CPU
		{3E602F66-AA3C-4446-9720-FB48A7FB6CA2}.Debug|Any CPU.Build.0 = Debug|Any CPU
		{3E602F66-AA3C-4446-9720-FB48A7FB6CA2}.Release|Any CPU.ActiveCfg = Release|Any CPU
		{3E602F66-AA3C-4446-9720-FB48A7FB6CA2}.Release|Any CPU.Build.0 = Release|Any CPU
		{8F00ED31-7EE0-4DB7-AD6F-27BA7E910674}.Debug|Any CPU.ActiveCfg = Debug|Any CPU
		{8F00ED31-7EE0-4DB7-AD6F-27BA7E910674}.Debug|Any CPU.Build.0 = Debug|Any CPU
		{8F00ED31-7EE0-4DB7-AD6F-27BA7E910674}.Release|Any CPU.ActiveCfg = Release|Any CPU
		{8F00ED31-7EE0-4DB7-AD6F-27BA7E910674}.Release|Any CPU.Build.0 = Release|Any CPU
		{3EE2D96A-56C8-4391-B424-FCB76612D547}.Debug|Any CPU.ActiveCfg = Debug|Any CPU
		{3EE2D96A-56C8-4391-B424-FCB76612D547}.Debug|Any CPU.Build.0 = Debug|Any CPU
		{3EE2D96A-56C8-4391-B424-FCB76612D547}.Release|Any CPU.ActiveCfg = Release|Any CPU
		{3EE2D96A-56C8-4391-B424-FCB76612D547}.Release|Any CPU.Build.0 = Release|Any CPU
		{A624F1F0-2A45-4A2C-A933-98FEF6346676}.Debug|Any CPU.ActiveCfg = Debug|Any CPU
		{A624F1F0-2A45-4A2C-A933-98FEF6346676}.Debug|Any CPU.Build.0 = Debug|Any CPU
		{A624F1F0-2A45-4A2C-A933-98FEF6346676}.Release|Any CPU.ActiveCfg = Release|Any CPU
		{A624F1F0-2A45-4A2C-A933-98FEF6346676}.Release|Any CPU.Build.0 = Release|Any CPU
		{6904FA32-7393-49BE-BC5E-012479DD4464}.Debug|Any CPU.ActiveCfg = Debug|Any CPU
		{6904FA32-7393-49BE-BC5E-012479DD4464}.Debug|Any CPU.Build.0 = Debug|Any CPU
		{6904FA32-7393-49BE-BC5E-012479DD4464}.Release|Any CPU.ActiveCfg = Release|Any CPU
		{6904FA32-7393-49BE-BC5E-012479DD4464}.Release|Any CPU.Build.0 = Release|Any CPU
		{19204E87-D442-4C0F-8CE3-0BA765BECD78}.Debug|Any CPU.ActiveCfg = Debug|Any CPU
		{19204E87-D442-4C0F-8CE3-0BA765BECD78}.Debug|Any CPU.Build.0 = Debug|Any CPU
		{19204E87-D442-4C0F-8CE3-0BA765BECD78}.Release|Any CPU.ActiveCfg = Release|Any CPU
		{19204E87-D442-4C0F-8CE3-0BA765BECD78}.Release|Any CPU.Build.0 = Release|Any CPU
		{AE2D3228-A98E-4383-BA5E-4198735A6B66}.Debug|Any CPU.ActiveCfg = Debug|Any CPU
		{AE2D3228-A98E-4383-BA5E-4198735A6B66}.Debug|Any CPU.Build.0 = Debug|Any CPU
		{AE2D3228-A98E-4383-BA5E-4198735A6B66}.Release|Any CPU.ActiveCfg = Release|Any CPU
		{AE2D3228-A98E-4383-BA5E-4198735A6B66}.Release|Any CPU.Build.0 = Release|Any CPU
		{E038D21E-73D1-4C93-A90C-CE33E3677179}.Debug|Any CPU.ActiveCfg = Debug|Any CPU
		{E038D21E-73D1-4C93-A90C-CE33E3677179}.Debug|Any CPU.Build.0 = Debug|Any CPU
		{E038D21E-73D1-4C93-A90C-CE33E3677179}.Release|Any CPU.ActiveCfg = Release|Any CPU
		{E038D21E-73D1-4C93-A90C-CE33E3677179}.Release|Any CPU.Build.0 = Release|Any CPU
		{C0E4F481-065E-44F7-9804-4166B40F1282}.Debug|Any CPU.ActiveCfg = Debug|Any CPU
		{C0E4F481-065E-44F7-9804-4166B40F1282}.Debug|Any CPU.Build.0 = Debug|Any CPU
		{C0E4F481-065E-44F7-9804-4166B40F1282}.Release|Any CPU.ActiveCfg = Release|Any CPU
		{C0E4F481-065E-44F7-9804-4166B40F1282}.Release|Any CPU.Build.0 = Release|Any CPU
		{05B3205F-0E77-4809-951D-3B863FC43F99}.Debug|Any CPU.ActiveCfg = Debug|Any CPU
		{05B3205F-0E77-4809-951D-3B863FC43F99}.Debug|Any CPU.Build.0 = Debug|Any CPU
		{05B3205F-0E77-4809-951D-3B863FC43F99}.Release|Any CPU.ActiveCfg = Release|Any CPU
		{05B3205F-0E77-4809-951D-3B863FC43F99}.Release|Any CPU.Build.0 = Release|Any CPU
		{4DE2AB44-93A6-42DA-A9B5-53FA00CA4EA6}.Debug|Any CPU.ActiveCfg = Debug|Any CPU
		{4DE2AB44-93A6-42DA-A9B5-53FA00CA4EA6}.Debug|Any CPU.Build.0 = Debug|Any CPU
		{4DE2AB44-93A6-42DA-A9B5-53FA00CA4EA6}.Release|Any CPU.ActiveCfg = Release|Any CPU
		{4DE2AB44-93A6-42DA-A9B5-53FA00CA4EA6}.Release|Any CPU.Build.0 = Release|Any CPU
	EndGlobalSection
	GlobalSection(SolutionProperties) = preSolution
		HideSolutionNode = FALSE
	EndGlobalSection
	GlobalSection(NestedProjects) = preSolution
		{9878F2DF-891A-417A-8EC5-63E24B3E5F7D} = {EBA8BEB2-ECFB-49AF-B2A2-7C8E06039BEF}
		{863F7A90-11DA-4360-9E2D-ABEA7CE4B9D7} = {F697BF7F-ED3E-4571-A176-AA937EE763FF}
		{B54B76D4-4BE3-4616-AE59-63A98724F6AE} = {F697BF7F-ED3E-4571-A176-AA937EE763FF}
		{02539C80-259A-43D0-B1E4-C5FBE896FC87} = {F697BF7F-ED3E-4571-A176-AA937EE763FF}
		{A0F1E41E-AEC9-4263-AFD6-FFA2CFB5D44A} = {F697BF7F-ED3E-4571-A176-AA937EE763FF}
		{321484F9-D797-4334-8079-92145751C83A} = {84BCB7A7-6678-441F-B075-15D4A7E04ACB}
		{EF82BD7D-7E61-4CAD-9ECB-AD9AB428DE8C} = {F697BF7F-ED3E-4571-A176-AA937EE763FF}
		{D2A951C2-5E33-4575-ABC9-7DF4EE4C616E} = {F697BF7F-ED3E-4571-A176-AA937EE763FF}
		{2CD9342E-4D1D-4CBF-83A5-AA3EECE285CC} = {84BCB7A7-6678-441F-B075-15D4A7E04ACB}
		{900AF3CC-ED90-4BBB-9F90-71C32D25835B} = {01BEDBC1-C476-492D-861E-6A3273F8D045}
		{563D0471-337F-4316-A83E-DE24A0F95A8D} = {01BEDBC1-C476-492D-861E-6A3273F8D045}
		{19FA5418-A0F5-4C41-8F50-ACB88A782286} = {84BCB7A7-6678-441F-B075-15D4A7E04ACB}
		{AF62CB61-FA11-456C-B04D-5102E79B226C} = {F697BF7F-ED3E-4571-A176-AA937EE763FF}
		{3EE2D96A-56C8-4391-B424-FCB76612D547} = {909B4F42-EC1D-4237-B5E2-7C31FB55A29E}
		{A624F1F0-2A45-4A2C-A933-98FEF6346676} = {909B4F42-EC1D-4237-B5E2-7C31FB55A29E}
		{6904FA32-7393-49BE-BC5E-012479DD4464} = {909B4F42-EC1D-4237-B5E2-7C31FB55A29E}
		{19204E87-D442-4C0F-8CE3-0BA765BECD78} = {909B4F42-EC1D-4237-B5E2-7C31FB55A29E}
		{AE2D3228-A98E-4383-BA5E-4198735A6B66} = {574904F3-F9C4-4D89-AC33-9C9A2B590BD8}
		{E038D21E-73D1-4C93-A90C-CE33E3677179} = {84BCB7A7-6678-441F-B075-15D4A7E04ACB}
		{96BC0F17-6FB1-4C96-A1CA-2B4CF5723E69} = {EBA8BEB2-ECFB-49AF-B2A2-7C8E06039BEF}
		{C0E4F481-065E-44F7-9804-4166B40F1282} = {574904F3-F9C4-4D89-AC33-9C9A2B590BD8}
	EndGlobalSection
	GlobalSection(ExtensibilityGlobals) = postSolution
		LessCompiler = f136cc10-4cd8-4424-9277-4d7863748d9d
		SolutionGuid = {0588527F-05C5-4D26-8370-6B6619E7A78A}
	EndGlobalSection
EndGlobal
