
Microsoft Visual Studio Solution File, Format Version 12.00
# Visual Studio Version 16
VisualStudioVersion = 16.0.29519.87
MinimumVisualStudioVersion = 10.0.40219.1
Project("{9A19103F-16F7-4668-BE54-9A1E7A4F7556}") = "Blockchain", "Blockchain\Blockchain.csproj", "{7A3768A8-DDC8-4DD6-873E-D87DF0D2821A}"
EndProject
Project("{9A19103F-16F7-4668-BE54-9A1E7A4F7556}") = "Cryptography", "Cryptography\Cryptography.csproj", "{1F16C805-7C24-4500-BB56-BFF1B13EE346}"
EndProject
Project("{2150E333-8FDC-42A3-9474-1A3956D46DE8}") = ".Solution Items", ".Solution Items", "{EBA8BEB2-ECFB-49AF-B2A2-7C8E06039BEF}"
	ProjectSection(SolutionItems) = preProject
		..\.editorconfig = ..\.editorconfig
		..\.gitignore = ..\.gitignore
		..\azure-pipelines.yml = ..\azure-pipelines.yml
		..\GitVersion.yml = ..\GitVersion.yml
	EndProjectSection
EndProject
Project("{2150E333-8FDC-42A3-9474-1A3956D46DE8}") = "docs", "docs", "{9878F2DF-891A-417A-8EC5-63E24B3E5F7D}"
	ProjectSection(SolutionItems) = preProject
		..\LICENSE = ..\LICENSE
		..\README.md = ..\README.md
	EndProjectSection
EndProject
Project("{9A19103F-16F7-4668-BE54-9A1E7A4F7556}") = "Authentication", "Authentication\Authentication.csproj", "{F136CC10-4CD8-4424-9277-4D7863748D9D}"
EndProject
Project("{9A19103F-16F7-4668-BE54-9A1E7A4F7556}") = "PolicyServer", "PolicyServer\PolicyServer.csproj", "{8270183E-DA51-45E8-BDC2-B2858656D167}"
EndProject
Project("{2150E333-8FDC-42A3-9474-1A3956D46DE8}") = "Tests", "Tests", "{F697BF7F-ED3E-4571-A176-AA937EE763FF}"
EndProject
Project("{9A19103F-16F7-4668-BE54-9A1E7A4F7556}") = "PolicyServer.Tests", "Tests\PolicyServer.Tests\PolicyServer.Tests.csproj", "{863F7A90-11DA-4360-9E2D-ABEA7CE4B9D7}"
EndProject
Project("{9A19103F-16F7-4668-BE54-9A1E7A4F7556}") = "Blockchain.Tests", "Tests\Blockchain.Tests\Blockchain.Tests.csproj", "{B54B76D4-4BE3-4616-AE59-63A98724F6AE}"
EndProject
Project("{9A19103F-16F7-4668-BE54-9A1E7A4F7556}") = "Authentication.Tests", "Tests\Authentication.Tests\Authentication.Tests.csproj", "{02539C80-259A-43D0-B1E4-C5FBE896FC87}"
EndProject
Project("{9A19103F-16F7-4668-BE54-9A1E7A4F7556}") = "IdentityServer4.Contrib.RavenDB", "IdentityServer4.Contrib.RavenDB\IdentityServer4.Contrib.RavenDB.csproj", "{83D6CCDC-B98A-4E6B-9426-FA05CBE4BF7B}"
EndProject
Project("{9A19103F-16F7-4668-BE54-9A1E7A4F7556}") = "AuthorizationServer", "AuthorizationServer\AuthorizationServer.csproj", "{E5F8E4FA-FD0E-4E01-8561-15DDE0A1B25C}"
EndProject
Project("{9A19103F-16F7-4668-BE54-9A1E7A4F7556}") = "AuthorizationServer.Tests", "Tests\AuthorizationServer.Tests\AuthorizationServer.Tests.csproj", "{A0F1E41E-AEC9-4263-AFD6-FFA2CFB5D44A}"
EndProject
Project("{2150E333-8FDC-42A3-9474-1A3956D46DE8}") = "Authorization Handlers", "Authorization Handlers", "{84BCB7A7-6678-441F-B075-15D4A7E04ACB}"
EndProject
Project("{9A19103F-16F7-4668-BE54-9A1E7A4F7556}") = "AuthorizationPolicyProvider", "Authorization Handlers\AuthorizationPolicyProvider\AuthorizationPolicyProvider.csproj", "{321484F9-D797-4334-8079-92145751C83A}"
EndProject
Project("{FAE04EC0-301F-11D3-BF4B-00C04F79EFBC}") = "PolicyServer.Core", "PolicyServer.Core\PolicyServer.Core.csproj", "{1CC84BD3-5297-471C-BEE7-41432E61817A}"
EndProject
Global
	GlobalSection(SolutionConfigurationPlatforms) = preSolution
		Debug|Any CPU = Debug|Any CPU
		Release|Any CPU = Release|Any CPU
	EndGlobalSection
	GlobalSection(ProjectConfigurationPlatforms) = postSolution
		{7A3768A8-DDC8-4DD6-873E-D87DF0D2821A}.Debug|Any CPU.ActiveCfg = Debug|Any CPU
		{7A3768A8-DDC8-4DD6-873E-D87DF0D2821A}.Debug|Any CPU.Build.0 = Debug|Any CPU
		{7A3768A8-DDC8-4DD6-873E-D87DF0D2821A}.Release|Any CPU.ActiveCfg = Release|Any CPU
		{7A3768A8-DDC8-4DD6-873E-D87DF0D2821A}.Release|Any CPU.Build.0 = Release|Any CPU
		{1F16C805-7C24-4500-BB56-BFF1B13EE346}.Debug|Any CPU.ActiveCfg = Debug|Any CPU
		{1F16C805-7C24-4500-BB56-BFF1B13EE346}.Debug|Any CPU.Build.0 = Debug|Any CPU
		{1F16C805-7C24-4500-BB56-BFF1B13EE346}.Release|Any CPU.ActiveCfg = Release|Any CPU
		{1F16C805-7C24-4500-BB56-BFF1B13EE346}.Release|Any CPU.Build.0 = Release|Any CPU
		{F136CC10-4CD8-4424-9277-4D7863748D9D}.Debug|Any CPU.ActiveCfg = Debug|Any CPU
		{F136CC10-4CD8-4424-9277-4D7863748D9D}.Debug|Any CPU.Build.0 = Debug|Any CPU
		{F136CC10-4CD8-4424-9277-4D7863748D9D}.Release|Any CPU.ActiveCfg = Release|Any CPU
		{F136CC10-4CD8-4424-9277-4D7863748D9D}.Release|Any CPU.Build.0 = Release|Any CPU
		{8270183E-DA51-45E8-BDC2-B2858656D167}.Debug|Any CPU.ActiveCfg = Debug|Any CPU
		{8270183E-DA51-45E8-BDC2-B2858656D167}.Debug|Any CPU.Build.0 = Debug|Any CPU
		{8270183E-DA51-45E8-BDC2-B2858656D167}.Release|Any CPU.ActiveCfg = Release|Any CPU
		{8270183E-DA51-45E8-BDC2-B2858656D167}.Release|Any CPU.Build.0 = Release|Any CPU
		{863F7A90-11DA-4360-9E2D-ABEA7CE4B9D7}.Debug|Any CPU.ActiveCfg = Debug|Any CPU
		{863F7A90-11DA-4360-9E2D-ABEA7CE4B9D7}.Debug|Any CPU.Build.0 = Debug|Any CPU
		{863F7A90-11DA-4360-9E2D-ABEA7CE4B9D7}.Release|Any CPU.ActiveCfg = Release|Any CPU
		{863F7A90-11DA-4360-9E2D-ABEA7CE4B9D7}.Release|Any CPU.Build.0 = Release|Any CPU
		{B54B76D4-4BE3-4616-AE59-63A98724F6AE}.Debug|Any CPU.ActiveCfg = Debug|Any CPU
		{B54B76D4-4BE3-4616-AE59-63A98724F6AE}.Debug|Any CPU.Build.0 = Debug|Any CPU
		{B54B76D4-4BE3-4616-AE59-63A98724F6AE}.Release|Any CPU.ActiveCfg = Release|Any CPU
		{B54B76D4-4BE3-4616-AE59-63A98724F6AE}.Release|Any CPU.Build.0 = Release|Any CPU
		{02539C80-259A-43D0-B1E4-C5FBE896FC87}.Debug|Any CPU.ActiveCfg = Debug|Any CPU
		{02539C80-259A-43D0-B1E4-C5FBE896FC87}.Debug|Any CPU.Build.0 = Debug|Any CPU
		{02539C80-259A-43D0-B1E4-C5FBE896FC87}.Release|Any CPU.ActiveCfg = Release|Any CPU
		{02539C80-259A-43D0-B1E4-C5FBE896FC87}.Release|Any CPU.Build.0 = Release|Any CPU
		{83D6CCDC-B98A-4E6B-9426-FA05CBE4BF7B}.Debug|Any CPU.ActiveCfg = Debug|Any CPU
		{83D6CCDC-B98A-4E6B-9426-FA05CBE4BF7B}.Debug|Any CPU.Build.0 = Debug|Any CPU
		{83D6CCDC-B98A-4E6B-9426-FA05CBE4BF7B}.Release|Any CPU.ActiveCfg = Release|Any CPU
		{83D6CCDC-B98A-4E6B-9426-FA05CBE4BF7B}.Release|Any CPU.Build.0 = Release|Any CPU
		{E5F8E4FA-FD0E-4E01-8561-15DDE0A1B25C}.Debug|Any CPU.ActiveCfg = Debug|Any CPU
		{E5F8E4FA-FD0E-4E01-8561-15DDE0A1B25C}.Debug|Any CPU.Build.0 = Debug|Any CPU
		{E5F8E4FA-FD0E-4E01-8561-15DDE0A1B25C}.Release|Any CPU.ActiveCfg = Release|Any CPU
		{E5F8E4FA-FD0E-4E01-8561-15DDE0A1B25C}.Release|Any CPU.Build.0 = Release|Any CPU
		{A0F1E41E-AEC9-4263-AFD6-FFA2CFB5D44A}.Debug|Any CPU.ActiveCfg = Debug|Any CPU
		{A0F1E41E-AEC9-4263-AFD6-FFA2CFB5D44A}.Debug|Any CPU.Build.0 = Debug|Any CPU
		{A0F1E41E-AEC9-4263-AFD6-FFA2CFB5D44A}.Release|Any CPU.ActiveCfg = Release|Any CPU
		{A0F1E41E-AEC9-4263-AFD6-FFA2CFB5D44A}.Release|Any CPU.Build.0 = Release|Any CPU
		{321484F9-D797-4334-8079-92145751C83A}.Debug|Any CPU.ActiveCfg = Debug|Any CPU
		{321484F9-D797-4334-8079-92145751C83A}.Debug|Any CPU.Build.0 = Debug|Any CPU
		{321484F9-D797-4334-8079-92145751C83A}.Release|Any CPU.ActiveCfg = Release|Any CPU
		{321484F9-D797-4334-8079-92145751C83A}.Release|Any CPU.Build.0 = Release|Any CPU
		{1CC84BD3-5297-471C-BEE7-41432E61817A}.Debug|Any CPU.ActiveCfg = Debug|Any CPU
		{1CC84BD3-5297-471C-BEE7-41432E61817A}.Debug|Any CPU.Build.0 = Debug|Any CPU
		{1CC84BD3-5297-471C-BEE7-41432E61817A}.Release|Any CPU.ActiveCfg = Release|Any CPU
		{1CC84BD3-5297-471C-BEE7-41432E61817A}.Release|Any CPU.Build.0 = Release|Any CPU
	EndGlobalSection
	GlobalSection(SolutionProperties) = preSolution
		HideSolutionNode = FALSE
	EndGlobalSection
	GlobalSection(NestedProjects) = preSolution
		{9878F2DF-891A-417A-8EC5-63E24B3E5F7D} = {EBA8BEB2-ECFB-49AF-B2A2-7C8E06039BEF}
		{863F7A90-11DA-4360-9E2D-ABEA7CE4B9D7} = {F697BF7F-ED3E-4571-A176-AA937EE763FF}
		{B54B76D4-4BE3-4616-AE59-63A98724F6AE} = {F697BF7F-ED3E-4571-A176-AA937EE763FF}
		{02539C80-259A-43D0-B1E4-C5FBE896FC87} = {F697BF7F-ED3E-4571-A176-AA937EE763FF}
		{A0F1E41E-AEC9-4263-AFD6-FFA2CFB5D44A} = {F697BF7F-ED3E-4571-A176-AA937EE763FF}
		{321484F9-D797-4334-8079-92145751C83A} = {84BCB7A7-6678-441F-B075-15D4A7E04ACB}
	EndGlobalSection
	GlobalSection(ExtensibilityGlobals) = postSolution
		LessCompiler = f136cc10-4cd8-4424-9277-4d7863748d9d
		SolutionGuid = {0588527F-05C5-4D26-8370-6B6619E7A78A}
	EndGlobalSection
EndGlobal
